{
  "requires": true,
  "lockfileVersion": 1,
  "dependencies": {
    "ramda": {
      "version": "0.24.1",
      "resolved": "https://registry.npmjs.org/ramda/-/ramda-0.24.1.tgz",
      "integrity": "sha1-w7d1UZfzW43DUCIoJixMkd22uFc="
    },
    "ramdasauce": {
      "version": "2.1.3",
      "resolved": "https://registry.npmjs.org/ramdasauce/-/ramdasauce-2.1.3.tgz",
      "integrity": "sha512-Ml3CPim4SKwmg5g9UI77lnRSeKr/kQw7YhQ6rfdMcBYy6DMlwmkEwQqjygJ3OhxPR+NfFfpjKl3Tf8GXckaqqg==",
      "requires": {
        "ramda": "0.24.1"
      }
    },
    "reduxsauce": {
      "version": "1.0.1",
      "resolved": "https://registry.npmjs.org/reduxsauce/-/reduxsauce-1.0.1.tgz",
      "integrity": "sha512-Vd9z0LAmOicVFTdmjEu82XhNfrg0Z8C6yVI0rKold5uS63kPyYiGVrYMsflbVO232zBy/Y3FWcC+FZVk9wBkwA==",
      "requires": {
        "ramda": "0.24.1",
        "ramdasauce": "2.1.3"
      }
    }
  }
}
